{
  "name": "talentpulse",
  "lockfileVersion": 3,
  "requires": true,
  "packages": {
    "": {
      "name": "talentpulse",
      "dependencies": {
        "@neondatabase/serverless": "^1.0.2",
        "@node-rs/argon2": "^2.0.2",
        "ai": "^7.0.0",
        "zod": "^4.1.0"
      },
      "devDependencies": {
        "@electric-sql/pglite": "^0.5.8"
      },
      "engines": {
        "node": ">=20"
      }
    },
    "node_modules/@ai-sdk/gateway": {
      "version": "4.0.103",
      "resolved": "https://registry.npmjs.org/@ai-sdk/gateway/-/gateway-4.0.103.tgz",
      "integrity": "sha512-nnGTUHzPRQ14jhv9CL4OQrzcRBIFTBMIPKGIi9Z9u/4GtwSRxa/nxUX6np2Iwp5phOzO0a0njj/j9Jolf5AEaA==",
      "dependencies": {
        "@ai-sdk/provider": "4.0.21",
        "@ai-sdk/provider-utils": "5.0.53",
        "@vercel/oidc": "3.2.0"
      },
      "engines": {
        "node": ">=22"
      },
      "peerDependencies": {
        "zod": "^3.25.76 || ^4.1.8"
      }
    },
    "node_modules/@ai-sdk/provider": {
      "version": "4.0.21",
      "resolved": "https://registry.npmjs.org/@ai-sdk/provider/-/provider-4.0.21.tgz",
      "integrity": "sha512-UpbC9C1oht8dhfKPbVXSLRZS3DI8uk8n5v2uMjBPNIYGsC2kL045ywq7D8Hh9KgnH9rP5W/GxQdYtWScRouqlA==",
      "dependencies": {
        "json-schema": "^0.4.0"
      },
      "engines": {
        "node": ">=22"
      }
    },
    "node_modules/@ai-sdk/provider-utils": {
      "version": "5.0.53",
      "resolved": "https://registry.npmjs.org/@ai-sdk/provider-utils/-/provider-utils-5.0.53.tgz",
      "integrity": "sha512-VVe6UDd0y0/B4TfauuKKzcppqvhTmSluwwUVT4WG2/8h7gFbyFm7PM4UGM+ZXe3/RI6bv+Vl1cw/7aiBoQqdxg==",
      "dependencies": {
        "@ai-sdk/provider": "4.0.21",
        "@standard-schema/spec": "^1.1.0",
        "@workflow/serde": "4.1.0",
        "eventsource-parser": "^3.0.8",
        "undici": "^7.29.0"
      },
      "engines": {
        "node": ">=22"
      },
      "peerDependencies": {
        "zod": "^3.25.76 || ^4.1.8"
      }
    },
    "node_modules/@electric-sql/pglite": {
      "version": "0.5.8",
      "resolved": "https://registry.npmjs.org/@electric-sql/pglite/-/pglite-0.5.8.tgz",
      "integrity": "sha512-n9tsbUOhwx2epK1V0ZG9Ar4SHWUju04dhmzZXiSBXwBoleOvIfals33NAaWgagQVAL4Rbvx/Ptsu3P+pA09f6Q==",
      "dev": true
    },
    "node_modules/@neondatabase/serverless": {
      "version": "1.2.0",
      "resolved": "https://registry.npmjs.org/@neondatabase/serverless/-/serverless-1.2.0.tgz",
      "integrity": "sha512-tnaqgixUengZQNd9ZrS3ytQfamJzLKY8QxgqWQTNHHtB+KrFQWk77JTbbpg4RD+J3qE4eO2lVytvGDX5Kj6FdQ==",
      "engines": {
        "node": ">=19.0.0"
      }
    },
    "node_modules/@node-rs/argon2": {
      "version": "2.2.1",
      "resolved": "https://registry.npmjs.org/@node-rs/argon2/-/argon2-2.2.1.tgz",
      "integrity": "sha512-miqgmDcvOoAxCf0H3iW2nSd09FFO15geUU30yRNEr2XVXYreErwxAOm1rAKHxNDdjcySA+UTDGMXOWtvFJ3hXQ==",
      "engines": {
        "node": ">= 10"
      },
      "optionalDependencies": {
        "@node-rs/argon2-android-arm-eabi": "2.2.1",
        "@node-rs/argon2-android-arm64": "2.2.1",
        "@node-rs/argon2-darwin-arm64": "2.2.1",
        "@node-rs/argon2-darwin-x64": "2.2.1",
        "@node-rs/argon2-freebsd-x64": "2.2.1",
        "@node-rs/argon2-linux-arm-gnueabihf": "2.2.1",
        "@node-rs/argon2-linux-arm64-gnu": "2.2.1",
        "@node-rs/argon2-linux-arm64-musl": "2.2.1",
        "@node-rs/argon2-linux-x64-gnu": "2.2.1",
        "@node-rs/argon2-linux-x64-musl": "2.2.1",
        "@node-rs/argon2-win32-arm64-msvc": "2.2.1",
        "@node-rs/argon2-win32-ia32-msvc": "2.2.1",
        "@node-rs/argon2-win32-x64-msvc": "2.2.1"
      }
    },
    "node_modules/@node-rs/argon2-android-arm-eabi": {
      "version": "2.2.1",
      "resolved": "https://registry.npmjs.org/@node-rs/argon2-android-arm-eabi/-/argon2-android-arm-eabi-2.2.1.tgz",
      "integrity": "sha512-tvHjNf7XkLsuDKb6VhNZekA/Wq2Qf0yxygxQYWYcUUCawgg3QRDeXMBYa6QVQPHp1fpDXk42euRjVpHmQ5CwFQ==",
      "cpu": [
        "arm"
      ],
      "optional": true,
      "os": [
        "android"
      ],
      "engines": {
        "node": ">= 10"
      }
    },
    "node_modules/@node-rs/argon2-android-arm64": {
      "version": "2.2.1",
      "resolved": "https://registry.npmjs.org/@node-rs/argon2-android-arm64/-/argon2-android-arm64-2.2.1.tgz",
      "integrity": "sha512-hbPJZIMNIBPysg6CFe2OcXyB3pv6hFED0bOPamFRhUon3T3PT7OBfQfbXxsBK2dklELbfQ0R/2497LkTTrZRLw==",
      "cpu": [
        "arm64"
      ],
      "optional": true,
      "os": [
        "android"
      ],
      "engines": {
        "node": ">= 10"
      }
    },
    "node_modules/@node-rs/argon2-darwin-arm64": {
      "version": "2.2.1",
      "resolved": "https://registry.npmjs.org/@node-rs/argon2-darwin-arm64/-/argon2-darwin-arm64-2.2.1.tgz",
      "integrity": "sha512-aJWtws4QUJX47NPnOr7j8KnxUtBESV3qPXijqw/vV7cZdMbcI4sKeHmH23ER2vpgALzXLhO53Lno3wkP7Xgl6g==",
      "cpu": [
        "arm64"
      ],
      "optional": true,
      "os": [
        "darwin"
      ],
      "engines": {
        "node": ">= 10"
      }
    },
    "node_modules/@node-rs/argon2-darwin-x64": {
      "version": "2.2.1",
      "resolved": "https://registry.npmjs.org/@node-rs/argon2-darwin-x64/-/argon2-darwin-x64-2.2.1.tgz",
      "integrity": "sha512-RxXqM4SkH8VYNEnR82Pi1ADoWwc5HbBd0X8HFAHHLpr/iBpzvhwyl1ge6KaB4Ik7yUpzg/d2O8gYBxKGtZbmQg==",
      "cpu": [
        "x64"
      ],
      "optional": true,
      "os": [
        "darwin"
      ],
      "engines": {
        "node": ">= 10"
      }
    },
    "node_modules/@node-rs/argon2-freebsd-x64": {
      "version": "2.2.1",
      "resolved": "https://registry.npmjs.org/@node-rs/argon2-freebsd-x64/-/argon2-freebsd-x64-2.2.1.tgz",
      "integrity": "sha512-YxFKQJogkwhWSZbwAHhZIANOj8FytJgxaNzcTOAgWeEw2d6aobAoDWqsO1jw7QZfxLFb+q/uFAmd84TgCsyioQ==",
      "cpu": [
        "x64"
      ],
      "optional": true,
      "os": [
        "freebsd"
      ],
      "engines": {
        "node": ">= 10"
      }
    },
    "node_modules/@node-rs/argon2-linux-arm-gnueabihf": {
      "version": "2.2.1",
      "resolved": "https://registry.npmjs.org/@node-rs/argon2-linux-arm-gnueabihf/-/argon2-linux-arm-gnueabihf-2.2.1.tgz",
      "integrity": "sha512-gSORtjKCdokQ8bcDupKWw0ZpitKMkGnvxxOO9Y0sf6Nt7WDWF47YglZ87D4B35mSYTxiyer+BbZsoa2gGJr6zg==",
      "cpu": [
        "arm"
      ],
      "optional": true,
      "os": [
        "linux"
      ],
      "engines": {
        "node": ">= 10"
      }
    },
    "node_modules/@node-rs/argon2-linux-arm64-gnu": {
      "version": "2.2.1",
      "resolved": "https://registry.npmjs.org/@node-rs/argon2-linux-arm64-gnu/-/argon2-linux-arm64-gnu-2.2.1.tgz",
      "integrity": "sha512-1R1K1+9LC60sE24VFfu0+DvurMzZMgPMHODCr2b4aUSeB4ST5DgMHqy6nKMyxh3FDjy/xib6g/Ew0+B5O7nPHg==",
      "cpu": [
        "arm64"
      ],
      "optional": true,
      "os": [
        "linux"
      ],
      "engines": {
        "node": ">= 10"
      }
    },
    "node_modules/@node-rs/argon2-linux-arm64-musl": {
      "version": "2.2.1",
      "resolved": "https://registry.npmjs.org/@node-rs/argon2-linux-arm64-musl/-/argon2-linux-arm64-musl-2.2.1.tgz",
      "integrity": "sha512-OgSW61LB/xy+uLeSIWWZ817x7xg/P0UfmzS8KpiN73l5lD4Fx13aqQ3fv7pVirorL2vH9PYsX2fKEXlg66STlQ==",
      "cpu": [
        "arm64"
      ],
      "optional": true,
      "os": [
        "linux"
      ],
      "engines": {
        "node": ">= 10"
      }
    },
    "node_modules/@node-rs/argon2-linux-x64-gnu": {
      "version": "2.2.1",
      "resolved": "https://registry.npmjs.org/@node-rs/argon2-linux-x64-gnu/-/argon2-linux-x64-gnu-2.2.1.tgz",
      "integrity": "sha512-PIbG2WrqB84k2sdirnSXigFJvAemw0JkzZ/hOg6I9tO2GvhlY4P4z0NgmoRm7iKH+XTMo199src1Upm7RZwRAw==",
      "cpu": [
        "x64"
      ],
      "optional": true,
      "os": [
        "linux"
      ],
      "engines": {
        "node": ">= 10"
      }
    },
    "node_modules/@node-rs/argon2-linux-x64-musl": {
      "version": "2.2.1",
      "resolved": "https://registry.npmjs.org/@node-rs/argon2-linux-x64-musl/-/argon2-linux-x64-musl-2.2.1.tgz",
      "integrity": "sha512-atVrlz9vrkf6NvxoTgRTm6KeEBIooUGE4njBTVtJ3DAngOi+QKwOHL/VIhV5y2jE2d7lmuoOFnVSwHHKBzwTuQ==",
      "cpu": [
        "x64"
      ],
      "optional": true,
      "os": [
        "linux"
      ],
      "engines": {
        "node": ">= 10"
      }
    },
    "node_modules/@node-rs/argon2-win32-arm64-msvc": {
      "version": "2.2.1",
      "resolved": "https://registry.npmjs.org/@node-rs/argon2-win32-arm64-msvc/-/argon2-win32-arm64-msvc-2.2.1.tgz",
      "integrity": "sha512-vbPiOBa/mjSJ0md+bummYScLPmGOxY46A77pvm+sDxsKH7a04oWqfuRK+EXBc4iEXQh6NoA4MlFwQW79CM7+kA==",
      "cpu": [
        "arm64"
      ],
      "optional": true,
      "os": [
        "win32"
      ],
      "engines": {
        "node": ">= 10"
      }
    },
    "node_modules/@node-rs/argon2-win32-ia32-msvc": {
      "version": "2.2.1",
      "resolved": "https://registry.npmjs.org/@node-rs/argon2-win32-ia32-msvc/-/argon2-win32-ia32-msvc-2.2.1.tgz",
      "integrity": "sha512-e9ApHBN3MLmGwTFtKYJzm1VTra8bYkAZxwaK5J5y9ka4LDSpeWoyvMkfpVhRIg13k0Zr4XqGkl9XnALyxC2NtQ==",
      "cpu": [
        "ia32"
      ],
      "optional": true,
      "os": [
        "win32"
      ],
      "engines": {
        "node": ">= 10"
      }
    },
    "node_modules/@node-rs/argon2-win32-x64-msvc": {
      "version": "2.2.1",
      "resolved": "https://registry.npmjs.org/@node-rs/argon2-win32-x64-msvc/-/argon2-win32-x64-msvc-2.2.1.tgz",
      "integrity": "sha512-1iOOVP0KHp9pRyq7Qcg5cVFjSGGAsff6rYMgB6v98PM282v7OzuxgMpGPy7U3iPfFZb6IRh881SpoaKs+E1czQ==",
      "cpu": [
        "x64"
      ],
      "optional": true,
      "os": [
        "win32"
      ],
      "engines": {
        "node": ">= 10"
      }
    },
    "node_modules/@standard-schema/spec": {
      "version": "1.1.0",
      "resolved": "https://registry.npmjs.org/@standard-schema/spec/-/spec-1.1.0.tgz",
      "integrity": "sha512-l2aFy5jALhniG5HgqrD6jXLi/rUWrKvqN/qJx6yoJsgKhblVd+iqqU4RCXavm/jPityDo5TCvKMnpjKnOriy0w=="
    },
    "node_modules/@vercel/oidc": {
      "version": "3.2.0",
      "resolved": "https://registry.npmjs.org/@vercel/oidc/-/oidc-3.2.0.tgz",
      "integrity": "sha512-UycprH3T6n3jH0k44NHMa7pnFHGu/N05MjojYr+Mc6I7obkoLIJujSWwin1pCvdy/eOxrI/l3uDLQsmcrOb4ug==",
      "engines": {
        "node": ">= 20"
      }
    },
    "node_modules/@workflow/serde": {
      "version": "4.1.0",
      "resolved": "https://registry.npmjs.org/@workflow/serde/-/serde-4.1.0.tgz",
      "integrity": "sha512-pav4F2BoirECWR7Nf1TKt+2eETcBj7jj4cBefQ8VXQCA6NPkaKeLfj/zMgi+3zYV5ZIBT4GuUiphsj0/b9hPQQ=="
    },
    "node_modules/ai": {
      "version": "7.0.127",
      "resolved": "https://registry.npmjs.org/ai/-/ai-7.0.127.tgz",
      "integrity": "sha512-JNsNPk4ZvRGEJuqdVo2lYFkm7uAuf3p/RwKFWn1Wh/+IK3U1RyFWw2GXoFnhzqNfxEuj7XJB4WpIUhl1sHToWg==",
      "dependencies": {
        "@ai-sdk/gateway": "4.0.103",
        "@ai-sdk/provider": "4.0.21",
        "@ai-sdk/provider-utils": "5.0.53"
      },
      "engines": {
        "node": ">=22"
      },
      "peerDependencies": {
        "zod": "^3.25.76 || ^4.1.8"
      }
    },
    "node_modules/eventsource-parser": {
      "version": "3.1.1",
      "resolved": "https://registry.npmjs.org/eventsource-parser/-/eventsource-parser-3.1.1.tgz",
      "integrity": "sha512-EKN1vKAMcZ8MlYMpaNuxN6R9yakzH6uajHcHVTqWJzvu5pWw9DyhbP35HH8MVBQ+dZjAfDxk+A8NiR9KWaXiyQ==",
      "engines": {
        "node": ">=18.0.0"
      }
    },
    "node_modules/json-schema": {
      "version": "0.4.0",
      "resolved": "https://registry.npmjs.org/json-schema/-/json-schema-0.4.0.tgz",
      "integrity": "sha512-es94M3nTIfsEPisRafak+HDLfHXnKBhV3vU5eqPcS3flIWqcxJWgXHXiey3YrpaNsanY5ei1VoYEbOzijuq9BA=="
    },
    "node_modules/undici": {
      "version": "7.30.0",
      "resolved": "https://registry.npmjs.org/undici/-/undici-7.30.0.tgz",
      "integrity": "sha512-dkrQXeHSaoamnItlYbmzG0wFYrM0ZwDxCIg0A7aKjTyyhh9svRzCNFEzV+Vm05/yehjCzjDZ31KXfGEjYSztDQ==",
      "engines": {
        "node": ">=20.18.1"
      }
    },
    "node_modules/zod": {
      "version": "4.6.5",
      "resolved": "https://registry.npmjs.org/zod/-/zod-4.6.5.tgz",
      "integrity": "sha512-v5l/aFXZQeai4awLbOpSoHecE9UiMrnfx75tEXLjNonXVARxQ5mOeipTjROUchszUNCqnE+hqAMujRsRHsut2Q==",
      "funding": {
        "url": "https://github.com/sponsors/colinhacks"
      }
    }
  }
}
